
Microsoft Visual Studio Solution File, Format Version 12.00
# Visual Studio Version 16
VisualStudioVersion = 16.0.30907.101
MinimumVisualStudioVersion = 10.0.40219.1
Project("{FAE04EC0-301F-11D3-BF4B-00C04F79EFBC}") = "TemporaryJobsearchA00222002", "TemporaryJobsearchA00222002\TemporaryJobsearchA00222002.csproj", "{D5986849-F9AE-4966-AECF-8A14921F73EC}"
EndProject
Global
	GlobalSection(SolutionConfigurationPlatforms) = preSolution
		Debug|Any CPU = Debug|Any CPU
		Release|Any CPU = Release|Any CPU
	EndGlobalSection
	GlobalSection(ProjectConfigurationPlatforms) = postSolution
		{D5986849-F9AE-4966-AECF-8A14921F73EC}.Debug|Any CPU.ActiveCfg = Debug|Any CPU
		{D5986849-F9AE-4966-AECF-8A14921F73EC}.Debug|Any CPU.Build.0 = Debug|Any CPU
		{D5986849-F9AE-4966-AECF-8A14921F73EC}.Release|Any CPU.ActiveCfg = Release|Any CPU
		{D5986849-F9AE-4966-AECF-8A14921F73EC}.Release|Any CPU.Build.0 = Release|Any CPU
	EndGlobalSection
	GlobalSection(SolutionProperties) = preSolution
		HideSolutionNode = FALSE
	EndGlobalSection
	GlobalSection(ExtensibilityGlobals) = postSolution
		SolutionGuid = {6BC36C4F-4589-4F98-AE2A-BD62850A609E}
	EndGlobalSection
EndGlobal
